// !$*UTF8*$!
{
	archiveVersion = 1;
	classes = {
	};
	objectVersion = 46;
	objects = {

/* Begin PBXBuildFile section */
		DC289F531DAA0AEE00B2BCEE /* AppDelegate.swift in Sources */ = {isa = PBXBuildFile; fileRef = DC289F521DAA0AEE00B2BCEE /* AppDelegate.swift */; };
		DC289F551DAA0AEE00B2BCEE /* ViewController.swift in Sources */ = {isa = PBXBuildFile; fileRef = DC289F541DAA0AEE00B2BCEE /* ViewController.swift */; };
		DC289F581DAA0AEE00B2BCEE /* Main.storyboard in Resources */ = {isa = PBXBuildFile; fileRef = DC289F561DAA0AEE00B2BCEE /* Main.storyboard */; };
		DC289F5A1DAA0AEE00B2BCEE /* Assets.xcassets in Resources */ = {isa = PBXBuildFile; fileRef = DC289F591DAA0AEE00B2BCEE /* Assets.xcassets */; };
		DC289F5D1DAA0AEE00B2BCEE /* LaunchScreen.storyboard in Resources */ = {isa = PBXBuildFile; fileRef = DC289F5B1DAA0AEE00B2BCEE /* LaunchScreen.storyboard */; };
/* End PBXBuildFile section */

/* Begin PBXFileReference section */
		DC289F4F1DAA0AEE00B2BCEE /* Demo.app */ = {isa = PBXFileReference; explicitFileType = wrapper.application; includeInIndex = 0; path = Demo.app; sourceTree = BUILT_PRODUCTS_DIR; };
		DC289F521DAA0AEE00B2BCEE /* AppDelegate.swift */ = {isa = PBXFileReference; lastKnownFileType = sourcecode.swift; path = AppDelegate.swift; sourceTree = "<group>"; };
		DC289F541DAA0AEE00B2BCEE /* ViewController.swift */ = {isa = PBXFileReference; lastKnownFileType = sourcecode.swift; path = ViewController.swift; sourceTree = "<group>"; };
		DC289F571DAA0AEE00B2BCEE /* Base */ = {isa = PBXFileReference; lastKnownFileType = file.storyboard; name = Base; path = Base.lproj/Main.storyboard; sourceTree = "<group>"; };
		DC289F591DAA0AEE00B2BCEE /* Assets.xcassets */ = {isa = PBXFileReference; lastKnownFileType = folder.assetcatalog; path = Assets.xcassets; sourceTree = "<group>"; };
		DC289F5C1DAA0AEE00B2BCEE /* Base */ = {isa = PBXFileReference; lastKnownFileType = file.storyboard; name = Base; path = Base.lproj/LaunchScreen.storyboard; sourceTree = "<group>"; };
		DC289F5E1DAA0AEE00B2BCEE /* Info.plist */ = {isa = PBXFileReference; lastKnownFileType = text.plist.xml; path = Info.plist; sourceTree = "<group>"; };
/* End PBXFileReference section */

/* Begin PBXFrameworksBuildPhase section */
		DC289F4C1DAA0AEE00B2BCEE /* Frameworks */ = {
			isa = PBXFrameworksBuildPhase;
			buildActionMask = 2147483647;
			files = (
			);
			runOnlyForDeploymentPostprocessing = 0;
		};
/* End PBXFrameworksBuildPhase section */

/* Begin PBXGroup section */
		DC289F461DAA0AEE00B2BCEE = {
			isa = PBXGroup;
			children = (
				DC289F511DAA0AEE00B2BCEE /* Demo */,
				DC289F501DAA0AEE00B2BCEE /* Products */,
			);
			sourceTree = "<group>";
		};
		DC289F501DAA0AEE00B2BCEE /* Products */ = {
			isa = PBXGroup;
			children = (
				DC289F4F1DAA0AEE00B2BCEE /* Demo.app */,
			);
			name = Products;
			sourceTree = "<group>";
		};
		DC289F511DAA0AEE00B2BCEE /* Demo */ = {
			isa = PBXGroup;
			children = (
				DC289F521DAA0AEE00B2BCEE /* AppDelegate.swift */,
				DC289F541DAA0AEE00B2BCEE /* ViewController.swift */,
				DC289F561DAA0AEE00B2BCEE /* Main.storyboard */,
				DC289F591DAA0AEE00B2BCEE /* Assets.xcassets */,
				DC289F5B1DAA0AEE00B2BCEE /* LaunchScreen.storyboard */,
				DC289F5E1DAA0AEE00B2BCEE /* Info.plist */,
			);
			path = Demo;
			sourceTree = "<group>";
		};
/* End PBXGroup section */

/* Begin PBXNativeTarget section */
		DC289F4E1DAA0AEE00B2BCEE /* Demo */ = {
			isa = PBXNativeTarget;
			buildConfigurationList = DC289F611DAA0AEE00B2BCEE /* Build configuration list for PBXNativeTarget "Demo" */;
			buildPhases = (
				DC289F4B1DAA0AEE00B2BCEE /* Sources */,
				DC289F4C1DAA0AEE00B2BCEE /* Frameworks */,
				DC289F4D1DAA0AEE00B2BCEE /* Resources */,
			);
			buildRules = (
			);
			dependencies = (
			);
			name = Demo;
			productName = Demo;
			productReference = DC289F4F1DAA0AEE00B2BCEE /* Demo.app */;
			productType = "com.apple.product-type.application";
		};
/* End PBXNativeTarget section */

/* Begin PBXProject section */
		DC289F471DAA0AEE00B2BCEE /* Project object */ = {
			isa = PBXProject;
			attributes = {
				LastSwiftUpdateCheck = 0730;
				LastUpgradeCheck = 0730;
				ORGANIZATIONNAME = hoge;
				TargetAttributes = {
					DC289F4E1DAA0AEE00B2BCEE = {
						CreatedOnToolsVersion = 7.3.1;
					};
				};
			};
			buildConfigurationList = DC289F4A1DAA0AEE00B2BCEE /* Build configuration list for PBXProject "Demo" */;
			compatibilityVersion = "Xcode 3.2";
			developmentRegion = English;
			hasScannedForEncodings = 0;
			knownRegions = (
				en,
				Base,
			);
			mainGroup = DC289F461DAA0AEE00B2BCEE;
			productRefGroup = DC289F501DAA0AEE00B2BCEE /* Products */;
			projectDirPath = "";
			projectRoot = "";
			targets = (
				DC289F4E1DAA0AEE00B2BCEE /* Demo */,
			);
		};
/* End PBXProject section */

/* Begin PBXResourcesBuildPhase section */
		DC289F4D1DAA0AEE00B2BCEE /* Resources */ = {
			isa = PBXResourcesBuildPhase;
			buildActionMask = 2147483647;
			files = (
				DC289F5D1DAA0AEE00B2BCEE /* LaunchScreen.storyboard in Resources */,
				DC289F5A1DAA0AEE00B2BCEE /* Assets.xcassets in Resources */,
				DC289F581DAA0AEE00B2BCEE /* Main.storyboard in Resources */,
			);
			runOnlyForDeploymentPostprocessing = 0;
		};
/* End PBXResourcesBuildPhase section */

/* Begin PBXSourcesBuildPhase section */
		DC289F4B1DAA0AEE00B2BCEE /* Sources */ = {
			isa = PBXSourcesBuildPhase;
			buildActionMask = 2147483647;
			files = (
				DC289F551DAA0AEE00B2BCEE /* ViewController.swift in Sources */,
				DC289F531DAA0AEE00B2BCEE /* AppDelegate.swift in Sources */,
			);
			runOnlyForDeploymentPostprocessing = 0;
		};
/* End PBXSourcesBuildPhase section */

/* Begin PBXVariantGroup section */
		DC289F561DAA0AEE00B2BCEE /* Main.storyboard */ = {
			isa = PBXVariantGroup;
			children = (
				DC289F571DAA0AEE00B2BCEE /* Base */,
			);
			name = Main.storyboard;
			sourceTree = "<group>";
		};
		DC289F5B1DAA0AEE00B2BCEE /* LaunchScreen.storyboard */ = {
			isa = PBXVariantGroup;
			children = (
				DC289F5C1DAA0AEE00B2BCEE /* Base */,
			);
			name = LaunchScreen.storyboard;
			sourceTree = "<group>";
		};
/* End PBXVariantGroup section */

/* Begin XCBuildConfiguration section */
		DC289F5F1DAA0AEE00B2BCEE /* Debug */ = {
			isa = XCBuildConfiguration;
			buildSettings = {
				ALWAYS_SEARCH_USER_PATHS = NO;
				CLANG_ANALYZER_NONNULL = YES;
				CLANG_CXX_LANGUAGE_STANDARD = "gnu++0x";
				CLANG_CXX_LIBRARY = "libc++";
				CLANG_ENABLE_MODULES = YES;
				CLANG_ENABLE_OBJC_ARC = YES;
				CLANG_WARN_BOOL_CONVERSION = YES;
				CLANG_WARN_CONSTANT_CONVERSION = YES;
				CLANG_WARN_DIRECT_OBJC_ISA_USAGE = YES_ERROR;
				CLANG_WARN_EMPTY_BODY = YES;
				CLANG_WARN_ENUM_CONVERSION = YES;
				CLANG_WARN_INT_CONVERSION = YES;
				CLANG_WARN_OBJC_ROOT_CLASS = YES_ERROR;
				CLANG_WARN_UNREACHABLE_CODE = YES;
				CLANG_WARN__DUPLICATE_METHOD_MATCH = YES;
				"CODE_SIGN_IDENTITY[sdk=iphoneos*]" = "iPhone Developer";
				COPY_PHASE_STRIP = NO;
				DEBUG_INFORMATION_FORMAT = dwarf;
				ENABLE_STRICT_OBJC_MSGSEND = YES;
				ENABLE_TESTABILITY = YES;
				GCC_C_LANGUAGE_STANDARD = gnu99;
				GCC_DYNAMIC_NO_PIC = NO;
				GCC_NO_COMMON_BLOCKS = YES;
				GCC_OPTIMIZATION_LEVEL = 0;
				GCC_PREPROCESSOR_DEFINITIONS = (
					"DEBUG=1",
					"$(inherited)",
				);
				GCC_WARN_64_TO_32_BIT_CONVERSION = YES;
				GCC_WARN_ABOUT_RETURN_TYPE = YES_ERROR;
				GCC_WARN_UNDECLARED_SELECTOR = YES;
				GCC_WARN_UNINITIALIZED_AUTOS = YES_AGGRESSIVE;
				GCC_WARN_UNUSED_FUNCTION = YES;
				GCC_WARN_UNUSED_VARIABLE = YES;
				IPHONEOS_DEPLOYMENT_TARGET = 9.3;
				MTL_ENABLE_DEBUG_INFO = YES;
				ONLY_ACTIVE_ARCH = YES;
				SDKROOT = iphoneos;
				SWIFT_OPTIMIZATION_LEVEL = "-Onone";
				TARGETED_DEVICE_FAMILY = "1,2";
			};
			name = Debug;
		};
		DC289F601DAA0AEE00B2BCEE /* Release */ = {
			isa = XCBuildConfiguration;
			buildSettings = {
				ALWAYS_SEARCH_USER_PATHS = NO;
				CLANG_ANALYZER_NONNULL = YES;
				CLANG_CXX_LANGUAGE_STANDARD = "gnu++0x";
				CLANG_CXX_LIBRARY = "libc++";
				CLANG_ENABLE_MODULES = YES;
				CLANG_ENABLE_OBJC_ARC = YES;
				CLANG_WARN_BOOL_CONVERSION = YES;
				CLANG_WARN_CONSTANT_CONVERSION = YES;
				CLANG_WARN_DIRECT_OBJC_ISA_USAGE = YES_ERROR;
				CLANG_WARN_EMPTY_BODY = YES;
				CLANG_WARN_ENUM_CONVERSION = YES;
				CLANG_WARN_INT_CONVERSION = YES;
				CLANG_WARN_OBJC_ROOT_CLASS = YES_ERROR;
				CLANG_WARN_UNREACHABLE_CODE = YES;
				CLANG_WARN__DUPLICATE_METHOD_MATCH = YES;
				"CODE_SIGN_IDENTITY[sdk=iphoneos*]" = "iPhone Developer";
				COPY_PHASE_STRIP = NO;
				DEBUG_INFORMATION_FORMAT = "dwarf-with-dsym";
				ENABLE_NS_ASSERTIONS = NO;
				ENABLE_STRICT_OBJC_MSGSEND = YES;
				GCC_C_LANGUAGE_STANDARD = gnu99;
				GCC_NO_COMMON_BLOCKS = YES;
				GCC_WARN_64_TO_32_BIT_CONVERSION = YES;
				GCC_WARN_ABOUT_RETURN_TYPE = YES_ERROR;
				GCC_WARN_UNDECLARED_SELECTOR = YES;
				GCC_WARN_UNINITIALIZED_AUTOS = YES_AGGRESSIVE;
				GCC_WARN_UNUSED_FUNCTION = YES;
				GCC_WARN_UNUSED_VARIABLE = YES;
				IPHONEOS_DEPLOYMENT_TARGET = 9.3;
				MTL_ENABLE_DEBUG_INFO = NO;
				SDKROOT = iphoneos;
				TARGETED_DEVICE_FAMILY = "1,2";
				VALIDATE_PRODUCT = YES;
			};
			name = Release;
		};
		DC289F621DAA0AEE00B2BCEE /* Debug */ = {
			isa = XCBuildConfiguration;
			buildSettings = {
				ASSETCATALOG_COMPILER_APPICON_NAME = AppIcon;
				INFOPLIST_FILE = Demo/Info.plist;
				LD_RUNPATH_SEARCH_PATHS = "$(inherited) @executable_path/Frameworks";
				PRODUCT_BUNDLE_IDENTIFIER = com.gmail.tsukemenokazaki.Demo;
				PRODUCT_NAME = "$(TARGET_NAME)";
			};
			name = Debug;
		};
		DC289F631DAA0AEE00B2BCEE /* Release */ = {
			isa = XCBuildConfiguration;
			buildSettings = {
				ASSETCATALOG_COMPILER_APPICON_NAME = AppIcon;
				INFOPLIST_FILE = Demo/Info.plist;
				LD_RUNPATH_SEARCH_PATHS = "$(inherited) @executable_path/Frameworks";
				PRODUCT_BUNDLE_IDENTIFIER = com.gmail.tsukemenokazaki.Demo;
				PRODUCT_NAME = "$(TARGET_NAME)";
			};
			name = Release;
		};
/* End XCBuildConfiguration section */

/* Begin XCConfigurationList section */
		DC289F4A1DAA0AEE00B2BCEE /* Build configuration list for PBXProject "Demo" */ = {
			isa = XCConfigurationList;
			buildConfigurations = (
				DC289F5F1DAA0AEE00B2BCEE /* Debug */,
				DC289F601DAA0AEE00B2BCEE /* Release */,
			);
			defaultConfigurationIsVisible = 0;
			defaultConfigurationName = Release;
		};
		DC289F611DAA0AEE00B2BCEE /* Build configuration list for PBXNativeTarget "Demo" */ = {
			isa = XCConfigurationList;
			buildConfigurations = (
				DC289F621DAA0AEE00B2BCEE /* Debug */,
				DC289F631DAA0AEE00B2BCEE /* Release */,
			);
			defaultConfigurationIsVisible = 0;
		};
/* End XCConfigurationList section */
	};
	rootObject = DC289F471DAA0AEE00B2BCEE /* Project object */;
}
